
Microsoft Visual Studio Solution File, Format Version 12.00
# Visual Studio Version 17
VisualStudioVersion = 17.14.36221.1
MinimumVisualStudioVersion = 10.0.40219.1
Project("{FAE04EC0-301F-11D3-BF4B-00C04F79EFBC}") = "DataLayer", "DataLayer\DataLayer.csproj", "{C74743A7-B693-4CB0-8A89-1DC9B76E42E6}"
EndProject
Project("{FAE04EC0-301F-11D3-BF4B-00C04F79EFBC}") = "Infrastructure", "Infrastructure\Infrastructure.csproj", "{987A12DD-6EB8-4044-9B21-CB1B63C0AA8E}"
EndProject
Project("{FAE04EC0-301F-11D3-BF4B-00C04F79EFBC}") = "Service", "Service\Service.csproj", "{BAB15D55-F37A-47F3-87B2-D65929A2ED3C}"
EndProject
Project("{FAE04EC0-301F-11D3-BF4B-00C04F79EFBC}") = "Application", "Application\Application.csproj", "{B68C8FDC-B8AB-486B-ACED-3C368D968FD0}"
EndProject
Project("{FAE04EC0-301F-11D3-BF4B-00C04F79EFBC}") = "Estate.Api", "Estate.Api\Estate.Api.csproj", "{85C8E19D-A2A8-4F7A-A39C-349B708BB80D}"
EndProject
Global
	GlobalSection(SolutionConfigurationPlatforms) = preSolution
		Debug|Any CPU = Debug|Any CPU
		Release|Any CPU = Release|Any CPU
	EndGlobalSection
	GlobalSection(ProjectConfigurationPlatforms) = postSolution
		{C74743A7-B693-4CB0-8A89-1DC9B76E42E6}.Debug|Any CPU.ActiveCfg = Debug|Any CPU
		{C74743A7-B693-4CB0-8A89-1DC9B76E42E6}.Debug|Any CPU.Build.0 = Debug|Any CPU
		{C74743A7-B693-4CB0-8A89-1DC9B76E42E6}.Release|Any CPU.ActiveCfg = Release|Any CPU
		{C74743A7-B693-4CB0-8A89-1DC9B76E42E6}.Release|Any CPU.Build.0 = Release|Any CPU
		{987A12DD-6EB8-4044-9B21-CB1B63C0AA8E}.Debug|Any CPU.ActiveCfg = Debug|Any CPU
		{987A12DD-6EB8-4044-9B21-CB1B63C0AA8E}.Debug|Any CPU.Build.0 = Debug|Any CPU
		{987A12DD-6EB8-4044-9B21-CB1B63C0AA8E}.Release|Any CPU.ActiveCfg = Release|Any CPU
		{987A12DD-6EB8-4044-9B21-CB1B63C0AA8E}.Release|Any CPU.Build.0 = Release|Any CPU
		{BAB15D55-F37A-47F3-87B2-D65929A2ED3C}.Debug|Any CPU.ActiveCfg = Debug|Any CPU
		{BAB15D55-F37A-47F3-87B2-D65929A2ED3C}.Debug|Any CPU.Build.0 = Debug|Any CPU
		{BAB15D55-F37A-47F3-87B2-D65929A2ED3C}.Release|Any CPU.ActiveCfg = Release|Any CPU
		{BAB15D55-F37A-47F3-87B2-D65929A2ED3C}.Release|Any CPU.Build.0 = Release|Any CPU
		{B68C8FDC-B8AB-486B-ACED-3C368D968FD0}.Debug|Any CPU.ActiveCfg = Debug|Any CPU
		{B68C8FDC-B8AB-486B-ACED-3C368D968FD0}.Debug|Any CPU.Build.0 = Debug|Any CPU
		{B68C8FDC-B8AB-486B-ACED-3C368D968FD0}.Release|Any CPU.ActiveCfg = Release|Any CPU
		{B68C8FDC-B8AB-486B-ACED-3C368D968FD0}.Release|Any CPU.Build.0 = Release|Any CPU
		{85C8E19D-A2A8-4F7A-A39C-349B708BB80D}.Debug|Any CPU.ActiveCfg = Debug|Any CPU
		{85C8E19D-A2A8-4F7A-A39C-349B708BB80D}.Debug|Any CPU.Build.0 = Debug|Any CPU
		{85C8E19D-A2A8-4F7A-A39C-349B708BB80D}.Release|Any CPU.ActiveCfg = Release|Any CPU
		{85C8E19D-A2A8-4F7A-A39C-349B708BB80D}.Release|Any CPU.Build.0 = Release|Any CPU
	EndGlobalSection
	GlobalSection(SolutionProperties) = preSolution
		HideSolutionNode = FALSE
	EndGlobalSection
	GlobalSection(ExtensibilityGlobals) = postSolution
		SolutionGuid = {42AB0EB3-89C4-41D3-B257-D012879F71CD}
	EndGlobalSection
EndGlobal
